
Microsoft Visual Studio Solution File, Format Version 12.00
# Visual Studio Version 17
VisualStudioVersion = 17.8.34330.188
MinimumVisualStudioVersion = 10.0.40219.1
Project("{8BC9CEB8-8B4A-11D0-8D11-00A0C91BC942}") = "NewWorld", "NewWorld\NewWorld.vcxproj", "{AD48359D-7A3F-4C9F-8C60-D196AFDAB08B}"
EndProject
Project("{8BC9CEB8-8B4A-11D0-8D11-00A0C91BC942}") = "test1", "test1\test1.vcxproj", "{82E7FEAE-6157-4844-841E-60825A8AE113}"
EndProject
Project("{8BC9CEB8-8B4A-11D0-8D11-00A0C91BC942}") = "text", "text\text.vcxproj", "{2B3DA026-8553-478B-8632-C63468F2DE99}"
EndProject
Project("{8BC9CEB8-8B4A-11D0-8D11-00A0C91BC942}") = "ArrayProject", "ArrayProject\ArrayProject.vcxproj", "{52FB19F2-60EB-4D4D-8398-42BE4B044C20}"
EndProject
Project("{8BC9CEB8-8B4A-11D0-8D11-00A0C91BC942}") = "CList", "CList\CList.vcxproj", "{E0304E2E-2FF3-449B-9CA9-A80C1B78C22C}"
EndProject
Project("{8BC9CEB8-8B4A-11D0-8D11-00A0C91BC942}") = "Map", "Map\Map.vcxproj", "{BFF21678-647E-4F10-B922-873B73773874}"
EndProject
Project("{8BC9CEB8-8B4A-11D0-8D11-00A0C91BC942}") = "NewMap", "NewMap\NewMap.vcxproj", "{D95C8978-E51D-4D65-98F1-186D12211B7E}"
EndProject
Project("{8BC9CEB8-8B4A-11D0-8D11-00A0C91BC942}") = "ConsoleEngine", "ConsoleEngine\ConsoleEngine.vcxproj", "{16F2CC42-26E3-4631-999D-B76D95CB7AB7}"
EndProject
Project("{8BC9CEB8-8B4A-11D0-8D11-00A0C91BC942}") = "Galaga", "Galaga\Galaga.vcxproj", "{FF5D5410-CBE9-4FB2-ABD3-901A3461A0B3}"
EndProject
Global
	GlobalSection(SolutionConfigurationPlatforms) = preSolution
		Debug|ARM64 = Debug|ARM64
		Debug|x64 = Debug|x64
		Debug|x86 = Debug|x86
		Release|ARM64 = Release|ARM64
		Release|x64 = Release|x64
		Release|x86 = Release|x86
	EndGlobalSection
	GlobalSection(ProjectConfigurationPlatforms) = postSolution
		{AD48359D-7A3F-4C9F-8C60-D196AFDAB08B}.Debug|ARM64.ActiveCfg = Debug|ARM64
		{AD48359D-7A3F-4C9F-8C60-D196AFDAB08B}.Debug|ARM64.Build.0 = Debug|ARM64
		{AD48359D-7A3F-4C9F-8C60-D196AFDAB08B}.Debug|x64.ActiveCfg = Debug|x64
		{AD48359D-7A3F-4C9F-8C60-D196AFDAB08B}.Debug|x64.Build.0 = Debug|x64
		{AD48359D-7A3F-4C9F-8C60-D196AFDAB08B}.Debug|x86.ActiveCfg = Debug|Win32
		{AD48359D-7A3F-4C9F-8C60-D196AFDAB08B}.Debug|x86.Build.0 = Debug|Win32
		{AD48359D-7A3F-4C9F-8C60-D196AFDAB08B}.Release|ARM64.ActiveCfg = Release|ARM64
		{AD48359D-7A3F-4C9F-8C60-D196AFDAB08B}.Release|ARM64.Build.0 = Release|ARM64
		{AD48359D-7A3F-4C9F-8C60-D196AFDAB08B}.Release|x64.ActiveCfg = Release|x64
		{AD48359D-7A3F-4C9F-8C60-D196AFDAB08B}.Release|x64.Build.0 = Release|x64
		{AD48359D-7A3F-4C9F-8C60-D196AFDAB08B}.Release|x86.ActiveCfg = Release|Win32
		{AD48359D-7A3F-4C9F-8C60-D196AFDAB08B}.Release|x86.Build.0 = Release|Win32
		{82E7FEAE-6157-4844-841E-60825A8AE113}.Debug|ARM64.ActiveCfg = Debug|x64
		{82E7FEAE-6157-4844-841E-60825A8AE113}.Debug|ARM64.Build.0 = Debug|x64
		{82E7FEAE-6157-4844-841E-60825A8AE113}.Debug|x64.ActiveCfg = Debug|x64
		{82E7FEAE-6157-4844-841E-60825A8AE113}.Debug|x64.Build.0 = Debug|x64
		{82E7FEAE-6157-4844-841E-60825A8AE113}.Debug|x86.ActiveCfg = Debug|Win32
		{82E7FEAE-6157-4844-841E-60825A8AE113}.Debug|x86.Build.0 = Debug|Win32
		{82E7FEAE-6157-4844-841E-60825A8AE113}.Release|ARM64.ActiveCfg = Release|x64
		{82E7FEAE-6157-4844-841E-60825A8AE113}.Release|ARM64.Build.0 = Release|x64
		{82E7FEAE-6157-4844-841E-60825A8AE113}.Release|x64.ActiveCfg = Release|x64
		{82E7FEAE-6157-4844-841E-60825A8AE113}.Release|x64.Build.0 = Release|x64
		{82E7FEAE-6157-4844-841E-60825A8AE113}.Release|x86.ActiveCfg = Release|Win32
		{82E7FEAE-6157-4844-841E-60825A8AE113}.Release|x86.Build.0 = Release|Win32
		{2B3DA026-8553-478B-8632-C63468F2DE99}.Debug|ARM64.ActiveCfg = Debug|x64
		{2B3DA026-8553-478B-8632-C63468F2DE99}.Debug|ARM64.Build.0 = Debug|x64
		{2B3DA026-8553-478B-8632-C63468F2DE99}.Debug|x64.ActiveCfg = Debug|x64
		{2B3DA026-8553-478B-8632-C63468F2DE99}.Debug|x64.Build.0 = Debug|x64
		{2B3DA026-8553-478B-8632-C63468F2DE99}.Debug|x86.ActiveCfg = Debug|Win32
		{2B3DA026-8553-478B-8632-C63468F2DE99}.Debug|x86.Build.0 = Debug|Win32
		{2B3DA026-8553-478B-8632-C63468F2DE99}.Release|ARM64.ActiveCfg = Release|x64
		{2B3DA026-8553-478B-8632-C63468F2DE99}.Release|ARM64.Build.0 = Release|x64
		{2B3DA026-8553-478B-8632-C63468F2DE99}.Release|x64.ActiveCfg = Release|x64
		{2B3DA026-8553-478B-8632-C63468F2DE99}.Release|x64.Build.0 = Release|x64
		{2B3DA026-8553-478B-8632-C63468F2DE99}.Release|x86.ActiveCfg = Release|Win32
		{2B3DA026-8553-478B-8632-C63468F2DE99}.Release|x86.Build.0 = Release|Win32
		{52FB19F2-60EB-4D4D-8398-42BE4B044C20}.Debug|ARM64.ActiveCfg = Debug|x64
		{52FB19F2-60EB-4D4D-8398-42BE4B044C20}.Debug|ARM64.Build.0 = Debug|x64
		{52FB19F2-60EB-4D4D-8398-42BE4B044C20}.Debug|x64.ActiveCfg = Debug|x64
		{52FB19F2-60EB-4D4D-8398-42BE4B044C20}.Debug|x64.Build.0 = Debug|x64
		{52FB19F2-60EB-4D4D-8398-42BE4B044C20}.Debug|x86.ActiveCfg = Debug|Win32
		{52FB19F2-60EB-4D4D-8398-42BE4B044C20}.Debug|x86.Build.0 = Debug|Win32
		{52FB19F2-60EB-4D4D-8398-42BE4B044C20}.Release|ARM64.ActiveCfg = Release|x64
		{52FB19F2-60EB-4D4D-8398-42BE4B044C20}.Release|ARM64.Build.0 = Release|x64
		{52FB19F2-60EB-4D4D-8398-42BE4B044C20}.Release|x64.ActiveCfg = Release|x64
		{52FB19F2-60EB-4D4D-8398-42BE4B044C20}.Release|x64.Build.0 = Release|x64
		{52FB19F2-60EB-4D4D-8398-42BE4B044C20}.Release|x86.ActiveCfg = Release|Win32
		{52FB19F2-60EB-4D4D-8398-42BE4B044C20}.Release|x86.Build.0 = Release|Win32
		{E0304E2E-2FF3-449B-9CA9-A80C1B78C22C}.Debug|ARM64.ActiveCfg = Debug|x64
		{E0304E2E-2FF3-449B-9CA9-A80C1B78C22C}.Debug|ARM64.Build.0 = Debug|x64
		{E0304E2E-2FF3-449B-9CA9-A80C1B78C22C}.Debug|x64.ActiveCfg = Debug|x64
		{E0304E2E-2FF3-449B-9CA9-A80C1B78C22C}.Debug|x64.Build.0 = Debug|x64
		{E0304E2E-2FF3-449B-9CA9-A80C1B78C22C}.Debug|x86.ActiveCfg = Debug|Win32
		{E0304E2E-2FF3-449B-9CA9-A80C1B78C22C}.Debug|x86.Build.0 = Debug|Win32
		{E0304E2E-2FF3-449B-9CA9-A80C1B78C22C}.Release|ARM64.ActiveCfg = Release|x64
		{E0304E2E-2FF3-449B-9CA9-A80C1B78C22C}.Release|ARM64.Build.0 = Release|x64
		{E0304E2E-2FF3-449B-9CA9-A80C1B78C22C}.Release|x64.ActiveCfg = Release|x64
		{E0304E2E-2FF3-449B-9CA9-A80C1B78C22C}.Release|x64.Build.0 = Release|x64
		{E0304E2E-2FF3-449B-9CA9-A80C1B78C22C}.Release|x86.ActiveCfg = Release|Win32
		{E0304E2E-2FF3-449B-9CA9-A80C1B78C22C}.Release|x86.Build.0 = Release|Win32
		{BFF21678-647E-4F10-B922-873B73773874}.Debug|ARM64.ActiveCfg = Debug|x64
		{BFF21678-647E-4F10-B922-873B73773874}.Debug|ARM64.Build.0 = Debug|x64
		{BFF21678-647E-4F10-B922-873B73773874}.Debug|x64.ActiveCfg = Debug|x64
		{BFF21678-647E-4F10-B922-873B73773874}.Debug|x64.Build.0 = Debug|x64
		{BFF21678-647E-4F10-B922-873B73773874}.Debug|x86.ActiveCfg = Debug|Win32
		{BFF21678-647E-4F10-B922-873B73773874}.Debug|x86.Build.0 = Debug|Win32
		{BFF21678-647E-4F10-B922-873B73773874}.Release|ARM64.ActiveCfg = Release|x64
		{BFF21678-647E-4F10-B922-873B73773874}.Release|ARM64.Build.0 = Release|x64
		{BFF21678-647E-4F10-B922-873B73773874}.Release|x64.ActiveCfg = Release|x64
		{BFF21678-647E-4F10-B922-873B73773874}.Release|x64.Build.0 = Release|x64
		{BFF21678-647E-4F10-B922-873B73773874}.Release|x86.ActiveCfg = Release|Win32
		{BFF21678-647E-4F10-B922-873B73773874}.Release|x86.Build.0 = Release|Win32
		{D95C8978-E51D-4D65-98F1-186D12211B7E}.Debug|ARM64.ActiveCfg = Debug|x64
		{D95C8978-E51D-4D65-98F1-186D12211B7E}.Debug|ARM64.Build.0 = Debug|x64
		{D95C8978-E51D-4D65-98F1-186D12211B7E}.Debug|x64.ActiveCfg = Debug|x64
		{D95C8978-E51D-4D65-98F1-186D12211B7E}.Debug|x64.Build.0 = Debug|x64
		{D95C8978-E51D-4D65-98F1-186D12211B7E}.Debug|x86.ActiveCfg = Debug|Win32
		{D95C8978-E51D-4D65-98F1-186D12211B7E}.Debug|x86.Build.0 = Debug|Win32
		{D95C8978-E51D-4D65-98F1-186D12211B7E}.Release|ARM64.ActiveCfg = Release|x64
		{D95C8978-E51D-4D65-98F1-186D12211B7E}.Release|ARM64.Build.0 = Release|x64
		{D95C8978-E51D-4D65-98F1-186D12211B7E}.Release|x64.ActiveCfg = Release|x64
		{D95C8978-E51D-4D65-98F1-186D12211B7E}.Release|x64.Build.0 = Release|x64
		{D95C8978-E51D-4D65-98F1-186D12211B7E}.Release|x86.ActiveCfg = Release|Win32
		{D95C8978-E51D-4D65-98F1-186D12211B7E}.Release|x86.Build.0 = Release|Win32
		{16F2CC42-26E3-4631-999D-B76D95CB7AB7}.Debug|ARM64.ActiveCfg = Debug|x64
		{16F2CC42-26E3-4631-999D-B76D95CB7AB7}.Debug|ARM64.Build.0 = Debug|x64
		{16F2CC42-26E3-4631-999D-B76D95CB7AB7}.Debug|x64.ActiveCfg = Debug|x64
		{16F2CC42-26E3-4631-999D-B76D95CB7AB7}.Debug|x64.Build.0 = Debug|x64
		{16F2CC42-26E3-4631-999D-B76D95CB7AB7}.Debug|x86.ActiveCfg = Debug|Win32
		{16F2CC42-26E3-4631-999D-B76D95CB7AB7}.Debug|x86.Build.0 = Debug|Win32
		{16F2CC42-26E3-4631-999D-B76D95CB7AB7}.Release|ARM64.ActiveCfg = Release|x64
		{16F2CC42-26E3-4631-999D-B76D95CB7AB7}.Release|ARM64.Build.0 = Release|x64
		{16F2CC42-26E3-4631-999D-B76D95CB7AB7}.Release|x64.ActiveCfg = Release|x64
		{16F2CC42-26E3-4631-999D-B76D95CB7AB7}.Release|x64.Build.0 = Release|x64
		{16F2CC42-26E3-4631-999D-B76D95CB7AB7}.Release|x86.ActiveCfg = Release|Win32
		{16F2CC42-26E3-4631-999D-B76D95CB7AB7}.Release|x86.Build.0 = Release|Win32
		{FF5D5410-CBE9-4FB2-ABD3-901A3461A0B3}.Debug|ARM64.ActiveCfg = Debug|x64
		{FF5D5410-CBE9-4FB2-ABD3-901A3461A0B3}.Debug|ARM64.Build.0 = Debug|x64
		{FF5D5410-CBE9-4FB2-ABD3-901A3461A0B3}.Debug|x64.ActiveCfg = Debug|x64
		{FF5D5410-CBE9-4FB2-ABD3-901A3461A0B3}.Debug|x64.Build.0 = Debug|x64
		{FF5D5410-CBE9-4FB2-ABD3-901A3461A0B3}.Debug|x86.ActiveCfg = Debug|Win32
		{FF5D5410-CBE9-4FB2-ABD3-901A3461A0B3}.Debug|x86.Build.0 = Debug|Win32
		{FF5D5410-CBE9-4FB2-ABD3-901A3461A0B3}.Release|ARM64.ActiveCfg = Release|x64
		{FF5D5410-CBE9-4FB2-ABD3-901A3461A0B3}.Release|ARM64.Build.0 = Release|x64
		{FF5D5410-CBE9-4FB2-ABD3-901A3461A0B3}.Release|x64.ActiveCfg = Release|x64
		{FF5D5410-CBE9-4FB2-ABD3-901A3461A0B3}.Release|x64.Build.0 = Release|x64
		{FF5D5410-CBE9-4FB2-ABD3-901A3461A0B3}.Release|x86.ActiveCfg = Release|Win32
		{FF5D5410-CBE9-4FB2-ABD3-901A3461A0B3}.Release|x86.Build.0 = Release|Win32
	EndGlobalSection
	GlobalSection(SolutionProperties) = preSolution
		HideSolutionNode = FALSE
	EndGlobalSection
	GlobalSection(ExtensibilityGlobals) = postSolution
		SolutionGuid = {85BDDDD1-CFF3-411D-8987-C8FA09F704C3}
	EndGlobalSection
EndGlobal
