<?xml version="1.0" encoding="utf-8"?>
<Project ToolsVersion="4.0" xmlns="http://schemas.microsoft.com/developer/msbuild/2003">
  <ItemGroup>
    <Filter Include="소스 파일">
      <UniqueIdentifier>{4FC737F1-C7A5-4376-A066-2A32D752A2FF}</UniqueIdentifier>
      <Extensions>cpp;c;cc;cxx;c++;cppm;ixx;def;odl;idl;hpj;bat;asm;asmx</Extensions>
    </Filter>
    <Filter Include="헤더 파일">
      <UniqueIdentifier>{93995380-89BD-4b04-88EB-625FBE52EBFB}</UniqueIdentifier>
      <Extensions>h;hh;hpp;hxx;h++;hm;inl;inc;ipp;xsd</Extensions>
    </Filter>
    <Filter Include="리소스 파일">
      <UniqueIdentifier>{67DA6AB6-F800-4c08-8B7A-83BB121AAD01}</UniqueIdentifier>
      <Extensions>rc;ico;cur;bmp;dlg;rc2;rct;bin;rgs;gif;jpg;jpeg;jpe;resx;tiff;tif;png;wav;mfcribbon-ms</Extensions>
    </Filter>
    <Filter Include="NewFilter1">
      <UniqueIdentifier>{d7d2a1eb-1414-4585-ada7-242827e30031}</UniqueIdentifier>
    </Filter>
  </ItemGroup>
  <ItemGroup>
    <ClCompile Include="..\TextRpg\FightUnit.cpp">
      <Filter>소스 파일</Filter>
    </ClCompile>
    <ClCompile Include="..\TextRpg\FightZone.cpp">
      <Filter>소스 파일</Filter>
    </ClCompile>
    <ClCompile Include="..\TextRpg\Monster.cpp">
      <Filter>소스 파일</Filter>
    </ClCompile>
    <ClCompile Include="..\TextRpg\NameUnit.cpp">
      <Filter>소스 파일</Filter>
    </ClCompile>
    <ClCompile Include="..\TextRpg\Player.cpp">
      <Filter>소스 파일</Filter>
    </ClCompile>
    <ClCompile Include="..\TextRpg\StatusUnit.cpp">
      <Filter>소스 파일</Filter>
    </ClCompile>
    <ClCompile Include="..\TextRpg\TextRpg.cpp">
      <Filter>소스 파일</Filter>
    </ClCompile>
    <ClCompile Include="..\TextRpg\Town.cpp">
      <Filter>소스 파일</Filter>
    </ClCompile>
    <ClCompile Include="..\TextRpg\Weapon.cpp">
      <Filter>소스 파일</Filter>
    </ClCompile>
    <ClCompile Include="..\TextRpg\ZoneBase.cpp">
      <Filter>소스 파일</Filter>
    </ClCompile>
  </ItemGroup>
  <ItemGroup>
    <ClInclude Include="..\TextRpg\FightUnit.h">
      <Filter>헤더 파일</Filter>
    </ClInclude>
    <ClInclude Include="..\TextRpg\FightZone.h">
      <Filter>헤더 파일</Filter>
    </ClInclude>
    <ClInclude Include="..\TextRpg\Monster.h">
      <Filter>헤더 파일</Filter>
    </ClInclude>
    <ClInclude Include="..\TextRpg\NameUnit.h">
      <Filter>헤더 파일</Filter>
    </ClInclude>
    <ClInclude Include="..\TextRpg\Player.h">
      <Filter>헤더 파일</Filter>
    </ClInclude>
    <ClInclude Include="..\TextRpg\StatusUnit.h">
      <Filter>헤더 파일</Filter>
    </ClInclude>
    <ClInclude Include="..\TextRpg\Town.h">
      <Filter>헤더 파일</Filter>
    </ClInclude>
    <ClInclude Include="..\TextRpg\Weapon.h">
      <Filter>헤더 파일</Filter>
    </ClInclude>
    <ClInclude Include="..\TextRpg\ZoneBase.h">
      <Filter>헤더 파일</Filter>
    </ClInclude>
  </ItemGroup>
  <ItemGroup>
    <None Include="..\TextRpg\TextRpg.vcxproj" />
    <None Include="..\TextRpg\TextRpg.vcxproj.filters" />
  </ItemGroup>
</Project>